
Microsoft Visual Studio Solution File, Format Version 12.00
# Visual Studio Version 16
VisualStudioVersion = 16.0.31729.503
MinimumVisualStudioVersion = 10.0.40219.1
Project("{FAE04EC0-301F-11D3-BF4B-00C04F79EFBC}") = "Animais", "Animais\Animais.csproj", "{C91B9E93-A9F9-4428-901E-DF3622872612}"
EndProject
Global
	GlobalSection(SolutionConfigurationPlatforms) = preSolution
		Debug|Any CPU = Debug|Any CPU
		Release|Any CPU = Release|Any CPU
	EndGlobalSection
	GlobalSection(ProjectConfigurationPlatforms) = postSolution
		{C91B9E93-A9F9-4428-901E-DF3622872612}.Debug|Any CPU.ActiveCfg = Debug|Any CPU
		{C91B9E93-A9F9-4428-901E-DF3622872612}.Debug|Any CPU.Build.0 = Debug|Any CPU
		{C91B9E93-A9F9-4428-901E-DF3622872612}.Release|Any CPU.ActiveCfg = Release|Any CPU
		{C91B9E93-A9F9-4428-901E-DF3622872612}.Release|Any CPU.Build.0 = Release|Any CPU
	EndGlobalSection
	GlobalSection(SolutionProperties) = preSolution
		HideSolutionNode = FALSE
	EndGlobalSection
	GlobalSection(ExtensibilityGlobals) = postSolution
		SolutionGuid = {4B125F94-16CE-4618-83CD-693ACDA6325F}
	EndGlobalSection
EndGlobal
